// !$*UTF8*$!
{
	archiveVersion = 1;
	classes = {
	};
	objectVersion = 46;
	objects = {

/* Begin PBXBuildFile section */
		53A76163146C7E9600B4F8F6 /* UIKit.framework in Frameworks */ = {isa = PBXBuildFile; fileRef = 53A76162146C7E9600B4F8F6 /* UIKit.framework */; };
		53A76165146C7E9600B4F8F6 /* Foundation.framework in Frameworks */ = {isa = PBXBuildFile; fileRef = 53A76164146C7E9600B4F8F6 /* Foundation.framework */; };
		53A76167146C7E9600B4F8F6 /* CoreGraphics.framework in Frameworks */ = {isa = PBXBuildFile; fileRef = 53A76166146C7E9600B4F8F6 /* CoreGraphics.framework */; };
		53A7616D146C7E9600B4F8F6 /* InfoPlist.strings in Resources */ = {isa = PBXBuildFile; fileRef = 53A7616B146C7E9600B4F8F6 /* InfoPlist.strings */; };
		53A7616F146C7E9600B4F8F6 /* main.m in Sources */ = {isa = PBXBuildFile; fileRef = 53A7616E146C7E9600B4F8F6 /* main.m */; };
		53A76173146C7E9600B4F8F6 /* AppDelegate.m in Sources */ = {isa = PBXBuildFile; fileRef = 53A76172146C7E9600B4F8F6 /* AppDelegate.m */; };
		53A76176146C7E9600B4F8F6 /* MasterViewController.m in Sources */ = {isa = PBXBuildFile; fileRef = 53A76175146C7E9600B4F8F6 /* MasterViewController.m */; };
		53A76179146C7E9600B4F8F6 /* DetailViewController.m in Sources */ = {isa = PBXBuildFile; fileRef = 53A76178146C7E9600B4F8F6 /* DetailViewController.m */; };
		6200927416B45D5A00139E1C /* libsqlite3.0.dylib in Frameworks */ = {isa = PBXBuildFile; fileRef = 6200927216B45D5900139E1C /* libsqlite3.0.dylib */; };
		6200927516B45D5A00139E1C /* libsqlite3.dylib in Frameworks */ = {isa = PBXBuildFile; fileRef = 6200927316B45D5900139E1C /* libsqlite3.dylib */; };
		6200927816B45E6700139E1C /* Student.m in Sources */ = {isa = PBXBuildFile; fileRef = 6200927716B45E6700139E1C /* Student.m */; };
		6200927A16B493FF00139E1C /* wood.jpeg in Resources */ = {isa = PBXBuildFile; fileRef = 6200927916B493FF00139E1C /* wood.jpeg */; };
		620092AB16B58BA900139E1C /* AddStudentView.m in Sources */ = {isa = PBXBuildFile; fileRef = 620092A916B58BA900139E1C /* AddStudentView.m */; };
		620092B316B58DA500139E1C /* JFDepthView.m in Sources */ = {isa = PBXBuildFile; fileRef = 620092B216B58DA500139E1C /* JFDepthView.m */; settings = {COMPILER_FLAGS = "-fno-objc-arc"; }; };
		620092B616B58E7B00139E1C /* Accelerate.framework in Frameworks */ = {isa = PBXBuildFile; fileRef = 620092B416B58E5E00139E1C /* Accelerate.framework */; };
		620092B816B58E9200139E1C /* QuartzCore.framework in Frameworks */ = {isa = PBXBuildFile; fileRef = 620092B716B58E9200139E1C /* QuartzCore.framework */; };
		620092BA16B58EA300139E1C /* CoreImage.framework in Frameworks */ = {isa = PBXBuildFile; fileRef = 620092B916B58EA300139E1C /* CoreImage.framework */; };
		620092C116B5976A00139E1C /* lars.png in Resources */ = {isa = PBXBuildFile; fileRef = 620092C016B5976A00139E1C /* lars.png */; };
		6207268716B9B20F0082BEA7 /* MainWindow.xib in Resources */ = {isa = PBXBuildFile; fileRef = 6207268616B9B20F0082BEA7 /* MainWindow.xib */; };
		6207268916B9B48A0082BEA7 /* students.sql in Resources */ = {isa = PBXBuildFile; fileRef = 6207268816B9B48A0082BEA7 /* students.sql */; };
		6207E88416B85EDF009C06B4 /* CustomViewTableViewCell.m in Sources */ = {isa = PBXBuildFile; fileRef = 6207E87C16B85EDF009C06B4 /* CustomViewTableViewCell.m */; };
		6207E88516B85EDF009C06B4 /* TableViewCell.m in Sources */ = {isa = PBXBuildFile; fileRef = 6207E87E16B85EDF009C06B4 /* TableViewCell.m */; };
		6207E88616B85EDF009C06B4 /* Drawing.m in Sources */ = {isa = PBXBuildFile; fileRef = 6207E88116B85EDF009C06B4 /* Drawing.m */; };
		6207E88716B85EDF009C06B4 /* ShadowPlainTableview.m in Sources */ = {isa = PBXBuildFile; fileRef = 6207E88316B85EDF009C06B4 /* ShadowPlainTableview.m */; };
		6207E88916B86913009C06B4 /* MathBookIcon.png in Resources */ = {isa = PBXBuildFile; fileRef = 6207E88816B86913009C06B4 /* MathBookIcon.png */; };
		6207E89016B86A21009C06B4 /* ScienceBookIcon.png in Resources */ = {isa = PBXBuildFile; fileRef = 6207E88E16B86A21009C06B4 /* ScienceBookIcon.png */; };
		6207E89116B86A21009C06B4 /* BehaviorBookIcon.png in Resources */ = {isa = PBXBuildFile; fileRef = 6207E88F16B86A21009C06B4 /* BehaviorBookIcon.png */; };
		6207E89816B89AFE009C06B4 /* Icon144.png in Resources */ = {isa = PBXBuildFile; fileRef = 6207E89416B89AFE009C06B4 /* Icon144.png */; };
		6207E89916B89AFE009C06B4 /* Icon114.png in Resources */ = {isa = PBXBuildFile; fileRef = 6207E89516B89AFE009C06B4 /* Icon114.png */; };
		6207E89A16B89AFE009C06B4 /* Icon72.png in Resources */ = {isa = PBXBuildFile; fileRef = 6207E89616B89AFE009C06B4 /* Icon72.png */; };
		6207E89B16B89AFE009C06B4 /* Icon57.png in Resources */ = {isa = PBXBuildFile; fileRef = 6207E89716B89AFE009C06B4 /* Icon57.png */; };
		6207E8A916B8BA8F009C06B4 /* MathAssessmentTableViewController.m in Sources */ = {isa = PBXBuildFile; fileRef = 6207E8A816B8BA8F009C06B4 /* MathAssessmentTableViewController.m */; };
		6207E8B416B969AB009C06B4 /* bar-chart.png in Resources */ = {isa = PBXBuildFile; fileRef = 6207E8AD16B969AB009C06B4 /* bar-chart.png */; };
		6207E8B516B969AB009C06B4 /* star.png in Resources */ = {isa = PBXBuildFile; fileRef = 6207E8AE16B969AB009C06B4 /* star.png */; };
		6207E8B616B969AB009C06B4 /* badge.png in Resources */ = {isa = PBXBuildFile; fileRef = 6207E8AF16B969AB009C06B4 /* badge.png */; };
		6207E8B716B969AB009C06B4 /* beaker.png in Resources */ = {isa = PBXBuildFile; fileRef = 6207E8B016B969AB009C06B4 /* beaker.png */; };
		6207E8B816B969AB009C06B4 /* book.png in Resources */ = {isa = PBXBuildFile; fileRef = 6207E8B116B969AB009C06B4 /* book.png */; };
		6207E8B916B969AB009C06B4 /* group.png in Resources */ = {isa = PBXBuildFile; fileRef = 6207E8B216B969AB009C06B4 /* group.png */; };
		6207E8BA16B969AB009C06B4 /* scales.png in Resources */ = {isa = PBXBuildFile; fileRef = 6207E8B316B969AB009C06B4 /* scales.png */; };
		6209E90316B59D5000025285 /* SwipeSplitViewController.m in Sources */ = {isa = PBXBuildFile; fileRef = 6209E90216B59D5000025285 /* SwipeSplitViewController.m */; };
		6209E90616B5A01F00025285 /* AboutViewController.m in Sources */ = {isa = PBXBuildFile; fileRef = 6209E90516B5A01F00025285 /* AboutViewController.m */; };
		6209E90916B5A0CE00025285 /* StudentTableViewController.m in Sources */ = {isa = PBXBuildFile; fileRef = 6209E90816B5A0CE00025285 /* StudentTableViewController.m */; };
		6209E95216B5A33E00025285 /* About.html in Resources */ = {isa = PBXBuildFile; fileRef = 6209E90B16B5A33E00025285 /* About.html */; };
		6209E95316B5A33E00025285 /* AboutIcon.png in Resources */ = {isa = PBXBuildFile; fileRef = 6209E90C16B5A33E00025285 /* AboutIcon.png */; };
		6209E95416B5A33E00025285 /* Back.png in Resources */ = {isa = PBXBuildFile; fileRef = 6209E90D16B5A33E00025285 /* Back.png */; };
		6209E95516B5A33E00025285 /* Back@2x.png in Resources */ = {isa = PBXBuildFile; fileRef = 6209E90E16B5A33E00025285 /* Back@2x.png */; };
		6209E95616B5A33E00025285 /* BookIcon.png in Resources */ = {isa = PBXBuildFile; fileRef = 6209E90F16B5A33E00025285 /* BookIcon.png */; };
		6209E95716B5A33E00025285 /* BookIcon@2x.png in Resources */ = {isa = PBXBuildFile; fileRef = 6209E91016B5A33E00025285 /* BookIcon@2x.png */; };
		6209E95816B5A33E00025285 /* BubbleGreen.png in Resources */ = {isa = PBXBuildFile; fileRef = 6209E91116B5A33E00025285 /* BubbleGreen.png */; };
		6209E95916B5A33E00025285 /* BubbleGreen@2x.png in Resources */ = {isa = PBXBuildFile; fileRef = 6209E91216B5A33E00025285 /* BubbleGreen@2x.png */; };
		6209E95A16B5A33E00025285 /* BubbleOrange.png in Resources */ = {isa = PBXBuildFile; fileRef = 6209E91316B5A33E00025285 /* BubbleOrange.png */; };
		6209E95B16B5A33E00025285 /* BubbleOrange@2x.png in Resources */ = {isa = PBXBuildFile; fileRef = 6209E91416B5A33E00025285 /* BubbleOrange@2x.png */; };
		6209E95C16B5A33E00025285 /* BubbleRed.png in Resources */ = {isa = PBXBuildFile; fileRef = 6209E91516B5A33E00025285 /* BubbleRed.png */; };
		6209E95D16B5A33E00025285 /* BubbleRed@2x.png in Resources */ = {isa = PBXBuildFile; fileRef = 6209E91616B5A33E00025285 /* BubbleRed@2x.png */; };
		6209E95E16B5A33E00025285 /* Cancel-Pressed.png in Resources */ = {isa = PBXBuildFile; fileRef = 6209E91716B5A33E00025285 /* Cancel-Pressed.png */; };
		6209E95F16B5A33E00025285 /* Cancel-Pressed@2x.png in Resources */ = {isa = PBXBuildFile; fileRef = 6209E91816B5A33E00025285 /* Cancel-Pressed@2x.png */; };
		6209E96016B5A33E00025285 /* Cancel.png in Resources */ = {isa = PBXBuildFile; fileRef = 6209E91916B5A33E00025285 /* Cancel.png */; };
		6209E96116B5A33E00025285 /* Cancel@2x.png in Resources */ = {isa = PBXBuildFile; fileRef = 6209E91A16B5A33E00025285 /* Cancel@2x.png */; };
		6209E96216B5A33E00025285 /* Class.png in Resources */ = {isa = PBXBuildFile; fileRef = 6209E91B16B5A33E00025285 /* Class.png */; };
		6209E96316B5A33E00025285 /* Class@2x.png in Resources */ = {isa = PBXBuildFile; fileRef = 6209E91C16B5A33E00025285 /* Class@2x.png */; };
		6209E96416B5A33E00025285 /* CloudLog.png in Resources */ = {isa = PBXBuildFile; fileRef = 6209E91D16B5A33E00025285 /* CloudLog.png */; };
		6209E96516B5A33E00025285 /* CloudLog@2x.png in Resources */ = {isa = PBXBuildFile; fileRef = 6209E91E16B5A33E00025285 /* CloudLog@2x.png */; };
		6209E96616B5A33E00025285 /* Const.png in Resources */ = {isa = PBXBuildFile; fileRef = 6209E91F16B5A33E00025285 /* Const.png */; };
		6209E96716B5A33E00025285 /* Const@2x.png in Resources */ = {isa = PBXBuildFile; fileRef = 6209E92016B5A33E00025285 /* Const@2x.png */; };
		6209E96816B5A33E00025285 /* Default-568h@2x.png in Resources */ = {isa = PBXBuildFile; fileRef = 6209E92116B5A33E00025285 /* Default-568h@2x.png */; };
		6209E96916B5A33E00025285 /* Default-Landscape~ipad.png in Resources */ = {isa = PBXBuildFile; fileRef = 6209E92216B5A33E00025285 /* Default-Landscape~ipad.png */; };
		6209E96A16B5A33E00025285 /* Default-Landscape~ipad@2x.png in Resources */ = {isa = PBXBuildFile; fileRef = 6209E92316B5A33E00025285 /* Default-Landscape~ipad@2x.png */; };
		6209E96B16B5A33E00025285 /* Default-Portrait~ipad.png in Resources */ = {isa = PBXBuildFile; fileRef = 6209E92416B5A33E00025285 /* Default-Portrait~ipad.png */; };
		6209E96C16B5A33E00025285 /* Default-Portrait~ipad@2x.png in Resources */ = {isa = PBXBuildFile; fileRef = 6209E92516B5A33E00025285 /* Default-Portrait~ipad@2x.png */; };
		6209E96D16B5A33E00025285 /* Default.png in Resources */ = {isa = PBXBuildFile; fileRef = 6209E92616B5A33E00025285 /* Default.png */; };
		6209E96E16B5A33E00025285 /* Default@2x.png in Resources */ = {isa = PBXBuildFile; fileRef = 6209E92716B5A33E00025285 /* Default@2x.png */; };
		6209E96F16B5A33E00025285 /* DocSet.png in Resources */ = {isa = PBXBuildFile; fileRef = 6209E92816B5A33E00025285 /* DocSet.png */; };
		6209E97016B5A33E00025285 /* DocSet@2x.png in Resources */ = {isa = PBXBuildFile; fileRef = 6209E92916B5A33E00025285 /* DocSet@2x.png */; };
		6209E97116B5A33E00025285 /* Enum.png in Resources */ = {isa = PBXBuildFile; fileRef = 6209E92A16B5A33E00025285 /* Enum.png */; };
		6209E97216B5A33E00025285 /* Enum@2x.png in Resources */ = {isa = PBXBuildFile; fileRef = 6209E92B16B5A33E00025285 /* Enum@2x.png */; };
		6209E97316B5A33E00025285 /* Field.png in Resources */ = {isa = PBXBuildFile; fileRef = 6209E92C16B5A33E00025285 /* Field.png */; };
		6209E97416B5A33E00025285 /* Field@2x.png in Resources */ = {isa = PBXBuildFile; fileRef = 6209E92D16B5A33E00025285 /* Field@2x.png */; };
		6209E97516B5A33E00025285 /* Forward.png in Resources */ = {isa = PBXBuildFile; fileRef = 6209E92E16B5A33E00025285 /* Forward.png */; };
		6209E97616B5A33E00025285 /* Forward@2x.png in Resources */ = {isa = PBXBuildFile; fileRef = 6209E92F16B5A33E00025285 /* Forward@2x.png */; };
		6209E97716B5A33E00025285 /* Function.png in Resources */ = {isa = PBXBuildFile; fileRef = 6209E93016B5A33E00025285 /* Function.png */; };
		6209E97816B5A33E00025285 /* Function@2x.png in Resources */ = {isa = PBXBuildFile; fileRef = 6209E93116B5A33E00025285 /* Function@2x.png */; };
		6209E97916B5A33E00025285 /* Global.png in Resources */ = {isa = PBXBuildFile; fileRef = 6209E93216B5A33E00025285 /* Global.png */; };
		6209E97A16B5A33E00025285 /* Global@2x.png in Resources */ = {isa = PBXBuildFile; fileRef = 6209E93316B5A33E00025285 /* Global@2x.png */; };
		6209E97F16B5A33E00025285 /* iTunesArtwork in Resources */ = {isa = PBXBuildFile; fileRef = 6209E93816B5A33E00025285 /* iTunesArtwork */; };
		6209E98016B5A33E00025285 /* Local.png in Resources */ = {isa = PBXBuildFile; fileRef = 6209E93916B5A33E00025285 /* Local.png */; };
		6209E98116B5A33E00025285 /* Local@2x.png in Resources */ = {isa = PBXBuildFile; fileRef = 6209E93A16B5A33E00025285 /* Local@2x.png */; };
		6209E98216B5A33E00025285 /* Macro.png in Resources */ = {isa = PBXBuildFile; fileRef = 6209E93B16B5A33E00025285 /* Macro.png */; };
		6209E98316B5A33E00025285 /* Macro@2x.png in Resources */ = {isa = PBXBuildFile; fileRef = 6209E93C16B5A33E00025285 /* Macro@2x.png */; };
		6209E98416B5A33E00025285 /* Member.png in Resources */ = {isa = PBXBuildFile; fileRef = 6209E93D16B5A33E00025285 /* Member.png */; };
		6209E98516B5A33E00025285 /* Member@2x.png in Resources */ = {isa = PBXBuildFile; fileRef = 6209E93E16B5A33E00025285 /* Member@2x.png */; };
		6209E98616B5A33E00025285 /* Outline.png in Resources */ = {isa = PBXBuildFile; fileRef = 6209E93F16B5A33E00025285 /* Outline.png */; };
		6209E98716B5A33E00025285 /* Outline@2x.png in Resources */ = {isa = PBXBuildFile; fileRef = 6209E94016B5A33E00025285 /* Outline@2x.png */; };
		6209E98816B5A33E00025285 /* OutlineDisclosureButton.png in Resources */ = {isa = PBXBuildFile; fileRef = 6209E94116B5A33E00025285 /* OutlineDisclosureButton.png */; };
		6209E98916B5A33E00025285 /* OutlineDisclosureButton@2x.png in Resources */ = {isa = PBXBuildFile; fileRef = 6209E94216B5A33E00025285 /* OutlineDisclosureButton@2x.png */; };
		6209E98A16B5A33E00025285 /* Property.png in Resources */ = {isa = PBXBuildFile; fileRef = 6209E94316B5A33E00025285 /* Property.png */; };
		6209E98B16B5A33E00025285 /* Property@2x.png in Resources */ = {isa = PBXBuildFile; fileRef = 6209E94416B5A33E00025285 /* Property@2x.png */; };
		6209E98C16B5A33E00025285 /* Protocol.png in Resources */ = {isa = PBXBuildFile; fileRef = 6209E94516B5A33E00025285 /* Protocol.png */; };
		6209E98D16B5A33E00025285 /* Protocol@2x.png in Resources */ = {isa = PBXBuildFile; fileRef = 6209E94616B5A33E00025285 /* Protocol@2x.png */; };
		6209E98E16B5A33E00025285 /* ReferenceIcon.png in Resources */ = {isa = PBXBuildFile; fileRef = 6209E94716B5A33E00025285 /* ReferenceIcon.png */; };
		6209E98F16B5A33E00025285 /* ReferenceIcon@2x.png in Resources */ = {isa = PBXBuildFile; fileRef = 6209E94816B5A33E00025285 /* ReferenceIcon@2x.png */; };
		6209E99016B5A33E00025285 /* SampleCodeIcon.png in Resources */ = {isa = PBXBuildFile; fileRef = 6209E94916B5A33E00025285 /* SampleCodeIcon.png */; };
		6209E99116B5A33E00025285 /* SampleCodeIcon@2x.png in Resources */ = {isa = PBXBuildFile; fileRef = 6209E94A16B5A33E00025285 /* SampleCodeIcon@2x.png */; };
		6209E99216B5A33E00025285 /* Shadow.png in Resources */ = {isa = PBXBuildFile; fileRef = 6209E94B16B5A33E00025285 /* Shadow.png */; };
		6209E99316B5A33E00025285 /* Struct.png in Resources */ = {isa = PBXBuildFile; fileRef = 6209E94C16B5A33E00025285 /* Struct.png */; };
		6209E99416B5A33E00025285 /* Struct@2x.png in Resources */ = {isa = PBXBuildFile; fileRef = 6209E94D16B5A33E00025285 /* Struct@2x.png */; };
		6209E99516B5A33E00025285 /* Type.png in Resources */ = {isa = PBXBuildFile; fileRef = 6209E94E16B5A33E00025285 /* Type.png */; };
		6209E99616B5A33E00025285 /* Type@2x.png in Resources */ = {isa = PBXBuildFile; fileRef = 6209E94F16B5A33E00025285 /* Type@2x.png */; };
		6209E99716B5A33E00025285 /* whitey.png in Resources */ = {isa = PBXBuildFile; fileRef = 6209E95016B5A33E00025285 /* whitey.png */; };
		6209E99816B5A33E00025285 /* whitey@2x.png in Resources */ = {isa = PBXBuildFile; fileRef = 6209E95116B5A33E00025285 /* whitey@2x.png */; };
		621E9DF316B7485800CB73AF /* MobileCoreServices.framework in Frameworks */ = {isa = PBXBuildFile; fileRef = 621E9DF216B7485800CB73AF /* MobileCoreServices.framework */; };
		621E9DF716B76BD600CB73AF /* person.png in Resources */ = {isa = PBXBuildFile; fileRef = 621E9DF616B76BD600CB73AF /* person.png */; };
		621E9DF916B76EB100CB73AF /* confCellImage.png in Resources */ = {isa = PBXBuildFile; fileRef = 621E9DF816B76EB100CB73AF /* confCellImage.png */; };
/* End PBXBuildFile section */

/* Begin PBXFileReference section */
		53A7615E146C7E9600B4F8F6 /* Bobcats.app */ = {isa = PBXFileReference; explicitFileType = wrapper.application; includeInIndex = 0; path = Bobcats.app; sourceTree = BUILT_PRODUCTS_DIR; };
		53A76162146C7E9600B4F8F6 /* UIKit.framework */ = {isa = PBXFileReference; lastKnownFileType = wrapper.framework; name = UIKit.framework; path = System/Library/Frameworks/UIKit.framework; sourceTree = SDKROOT; };
		53A76164146C7E9600B4F8F6 /* Foundation.framework */ = {isa = PBXFileReference; lastKnownFileType = wrapper.framework; name = Foundation.framework; path = System/Library/Frameworks/Foundation.framework; sourceTree = SDKROOT; };
		53A76166146C7E9600B4F8F6 /* CoreGraphics.framework */ = {isa = PBXFileReference; lastKnownFileType = wrapper.framework; name = CoreGraphics.framework; path = System/Library/Frameworks/CoreGraphics.framework; sourceTree = SDKROOT; };
		53A7616A146C7E9600B4F8F6 /* Bobcats-Info.plist */ = {isa = PBXFileReference; lastKnownFileType = text.plist.xml; path = "Bobcats-Info.plist"; sourceTree = "<group>"; };
		53A7616C146C7E9600B4F8F6 /* en */ = {isa = PBXFileReference; lastKnownFileType = text.plist.strings; name = en; path = en.lproj/InfoPlist.strings; sourceTree = "<group>"; };
		53A7616E146C7E9600B4F8F6 /* main.m */ = {isa = PBXFileReference; lastKnownFileType = sourcecode.c.objc; path = main.m; sourceTree = "<group>"; };
		53A76170146C7E9600B4F8F6 /* Bobcats-Prefix.pch */ = {isa = PBXFileReference; lastKnownFileType = sourcecode.c.h; path = "Bobcats-Prefix.pch"; sourceTree = "<group>"; };
		53A76171146C7E9600B4F8F6 /* AppDelegate.h */ = {isa = PBXFileReference; lastKnownFileType = sourcecode.c.h; path = AppDelegate.h; sourceTree = "<group>"; };
		53A76172146C7E9600B4F8F6 /* AppDelegate.m */ = {isa = PBXFileReference; lastKnownFileType = sourcecode.c.objc; path = AppDelegate.m; sourceTree = "<group>"; };
		53A76174146C7E9600B4F8F6 /* MasterViewController.h */ = {isa = PBXFileReference; lastKnownFileType = sourcecode.c.h; path = MasterViewController.h; sourceTree = "<group>"; };
		53A76175146C7E9600B4F8F6 /* MasterViewController.m */ = {isa = PBXFileReference; lastKnownFileType = sourcecode.c.objc; path = MasterViewController.m; sourceTree = "<group>"; };
		53A76177146C7E9600B4F8F6 /* DetailViewController.h */ = {isa = PBXFileReference; lastKnownFileType = sourcecode.c.h; path = DetailViewController.h; sourceTree = "<group>"; };
		53A76178146C7E9600B4F8F6 /* DetailViewController.m */ = {isa = PBXFileReference; lastKnownFileType = sourcecode.c.objc; path = DetailViewController.m; sourceTree = "<group>"; };
		6200927216B45D5900139E1C /* libsqlite3.0.dylib */ = {isa = PBXFileReference; lastKnownFileType = "compiled.mach-o.dylib"; name = libsqlite3.0.dylib; path = usr/lib/libsqlite3.0.dylib; sourceTree = SDKROOT; };
		6200927316B45D5900139E1C /* libsqlite3.dylib */ = {isa = PBXFileReference; lastKnownFileType = "compiled.mach-o.dylib"; name = libsqlite3.dylib; path = usr/lib/libsqlite3.dylib; sourceTree = SDKROOT; };
		6200927616B45E6600139E1C /* Student.h */ = {isa = PBXFileReference; fileEncoding = 4; lastKnownFileType = sourcecode.c.h; path = Student.h; sourceTree = "<group>"; };
		6200927716B45E6700139E1C /* Student.m */ = {isa = PBXFileReference; fileEncoding = 4; lastKnownFileType = sourcecode.c.objc; path = Student.m; sourceTree = "<group>"; };
		6200927916B493FF00139E1C /* wood.jpeg */ = {isa = PBXFileReference; lastKnownFileType = image.jpeg; path = wood.jpeg; sourceTree = "<group>"; };
		620092A816B58BA900139E1C /* AddStudentView.h */ = {isa = PBXFileReference; fileEncoding = 4; lastKnownFileType = sourcecode.c.h; name = AddStudentView.h; path = MasterSlide/AddStudentView.h; sourceTree = SOURCE_ROOT; };
		620092A916B58BA900139E1C /* AddStudentView.m */ = {isa = PBXFileReference; fileEncoding = 4; lastKnownFileType = sourcecode.c.objc; name = AddStudentView.m; path = MasterSlide/AddStudentView.m; sourceTree = SOURCE_ROOT; };
		620092B116B58DA500139E1C /* JFDepthView.h */ = {isa = PBXFileReference; fileEncoding = 4; lastKnownFileType = sourcecode.c.h; path = JFDepthView.h; sourceTree = "<group>"; };
		620092B216B58DA500139E1C /* JFDepthView.m */ = {isa = PBXFileReference; fileEncoding = 4; lastKnownFileType = sourcecode.c.objc; path = JFDepthView.m; sourceTree = "<group>"; };
		620092B416B58E5E00139E1C /* Accelerate.framework */ = {isa = PBXFileReference; lastKnownFileType = wrapper.framework; name = Accelerate.framework; path = System/Library/Frameworks/Accelerate.framework; sourceTree = SDKROOT; };
		620092B716B58E9200139E1C /* QuartzCore.framework */ = {isa = PBXFileReference; lastKnownFileType = wrapper.framework; name = QuartzCore.framework; path = System/Library/Frameworks/QuartzCore.framework; sourceTree = SDKROOT; };
		620092B916B58EA300139E1C /* CoreImage.framework */ = {isa = PBXFileReference; lastKnownFileType = wrapper.framework; name = CoreImage.framework; path = System/Library/Frameworks/CoreImage.framework; sourceTree = SDKROOT; };
		620092C016B5976A00139E1C /* lars.png */ = {isa = PBXFileReference; lastKnownFileType = image.png; path = lars.png; sourceTree = "<group>"; };
		6207268616B9B20F0082BEA7 /* MainWindow.xib */ = {isa = PBXFileReference; fileEncoding = 4; lastKnownFileType = file.xib; path = MainWindow.xib; sourceTree = "<group>"; };
		6207268816B9B48A0082BEA7 /* students.sql */ = {isa = PBXFileReference; lastKnownFileType = file; path = students.sql; sourceTree = "<group>"; };
		6207E87B16B85EDF009C06B4 /* CustomViewTableViewCell.h */ = {isa = PBXFileReference; fileEncoding = 4; lastKnownFileType = sourcecode.c.h; path = CustomViewTableViewCell.h; sourceTree = "<group>"; };
		6207E87C16B85EDF009C06B4 /* CustomViewTableViewCell.m */ = {isa = PBXFileReference; fileEncoding = 4; lastKnownFileType = sourcecode.c.objc; path = CustomViewTableViewCell.m; sourceTree = "<group>"; };
		6207E87D16B85EDF009C06B4 /* TableViewCell.h */ = {isa = PBXFileReference; fileEncoding = 4; lastKnownFileType = sourcecode.c.h; path = TableViewCell.h; sourceTree = "<group>"; };
		6207E87E16B85EDF009C06B4 /* TableViewCell.m */ = {isa = PBXFileReference; fileEncoding = 4; lastKnownFileType = sourcecode.c.objc; path = TableViewCell.m; sourceTree = "<group>"; };
		6207E87F16B85EDF009C06B4 /* CustomTableView.h */ = {isa = PBXFileReference; fileEncoding = 4; lastKnownFileType = sourcecode.c.h; path = CustomTableView.h; sourceTree = "<group>"; };
		6207E88016B85EDF009C06B4 /* Drawing.h */ = {isa = PBXFileReference; fileEncoding = 4; lastKnownFileType = sourcecode.c.h; path = Drawing.h; sourceTree = "<group>"; };
		6207E88116B85EDF009C06B4 /* Drawing.m */ = {isa = PBXFileReference; fileEncoding = 4; lastKnownFileType = sourcecode.c.objc; path = Drawing.m; sourceTree = "<group>"; };
		6207E88216B85EDF009C06B4 /* ShadowPlainTableview.h */ = {isa = PBXFileReference; fileEncoding = 4; lastKnownFileType = sourcecode.c.h; path = ShadowPlainTableview.h; sourceTree = "<group>"; };
		6207E88316B85EDF009C06B4 /* ShadowPlainTableview.m */ = {isa = PBXFileReference; fileEncoding = 4; lastKnownFileType = sourcecode.c.objc; path = ShadowPlainTableview.m; sourceTree = "<group>"; };
		6207E88816B86913009C06B4 /* MathBookIcon.png */ = {isa = PBXFileReference; lastKnownFileType = image.png; path = MathBookIcon.png; sourceTree = "<group>"; };
		6207E88E16B86A21009C06B4 /* ScienceBookIcon.png */ = {isa = PBXFileReference; lastKnownFileType = image.png; path = ScienceBookIcon.png; sourceTree = "<group>"; };
		6207E88F16B86A21009C06B4 /* BehaviorBookIcon.png */ = {isa = PBXFileReference; lastKnownFileType = image.png; path = BehaviorBookIcon.png; sourceTree = "<group>"; };
		6207E89416B89AFE009C06B4 /* Icon144.png */ = {isa = PBXFileReference; lastKnownFileType = image.png; path = Icon144.png; sourceTree = "<group>"; };
		6207E89516B89AFE009C06B4 /* Icon114.png */ = {isa = PBXFileReference; lastKnownFileType = image.png; path = Icon114.png; sourceTree = "<group>"; };
		6207E89616B89AFE009C06B4 /* Icon72.png */ = {isa = PBXFileReference; lastKnownFileType = image.png; path = Icon72.png; sourceTree = "<group>"; };
		6207E89716B89AFE009C06B4 /* Icon57.png */ = {isa = PBXFileReference; lastKnownFileType = image.png; path = Icon57.png; sourceTree = "<group>"; };
		6207E8A716B8BA8F009C06B4 /* MathAssessmentTableViewController.h */ = {isa = PBXFileReference; fileEncoding = 4; lastKnownFileType = sourcecode.c.h; path = MathAssessmentTableViewController.h; sourceTree = "<group>"; };
		6207E8A816B8BA8F009C06B4 /* MathAssessmentTableViewController.m */ = {isa = PBXFileReference; fileEncoding = 4; lastKnownFileType = sourcecode.c.objc; path = MathAssessmentTableViewController.m; sourceTree = "<group>"; };
		6207E8AD16B969AB009C06B4 /* bar-chart.png */ = {isa = PBXFileReference; lastKnownFileType = image.png; path = "bar-chart.png"; sourceTree = "<group>"; };
		6207E8AE16B969AB009C06B4 /* star.png */ = {isa = PBXFileReference; lastKnownFileType = image.png; path = star.png; sourceTree = "<group>"; };
		6207E8AF16B969AB009C06B4 /* badge.png */ = {isa = PBXFileReference; lastKnownFileType = image.png; path = badge.png; sourceTree = "<group>"; };
		6207E8B016B969AB009C06B4 /* beaker.png */ = {isa = PBXFileReference; lastKnownFileType = image.png; path = beaker.png; sourceTree = "<group>"; };
		6207E8B116B969AB009C06B4 /* book.png */ = {isa = PBXFileReference; lastKnownFileType = image.png; path = book.png; sourceTree = "<group>"; };
		6207E8B216B969AB009C06B4 /* group.png */ = {isa = PBXFileReference; lastKnownFileType = image.png; path = group.png; sourceTree = "<group>"; };
		6207E8B316B969AB009C06B4 /* scales.png */ = {isa = PBXFileReference; lastKnownFileType = image.png; path = scales.png; sourceTree = "<group>"; };
		6209E90116B59D5000025285 /* SwipeSplitViewController.h */ = {isa = PBXFileReference; fileEncoding = 4; lastKnownFileType = sourcecode.c.h; name = SwipeSplitViewController.h; path = ../SwipeSplitViewController.h; sourceTree = "<group>"; };
		6209E90216B59D5000025285 /* SwipeSplitViewController.m */ = {isa = PBXFileReference; fileEncoding = 4; lastKnownFileType = sourcecode.c.objc; name = SwipeSplitViewController.m; path = ../SwipeSplitViewController.m; sourceTree = "<group>"; };
		6209E90416B5A01F00025285 /* AboutViewController.h */ = {isa = PBXFileReference; fileEncoding = 4; lastKnownFileType = sourcecode.c.h; name = AboutViewController.h; path = ../AboutViewController.h; sourceTree = "<group>"; };
		6209E90516B5A01F00025285 /* AboutViewController.m */ = {isa = PBXFileReference; fileEncoding = 4; lastKnownFileType = sourcecode.c.objc; name = AboutViewController.m; path = ../AboutViewController.m; sourceTree = "<group>"; };
		6209E90716B5A0CE00025285 /* StudentTableViewController.h */ = {isa = PBXFileReference; fileEncoding = 4; lastKnownFileType = sourcecode.c.h; name = StudentTableViewController.h; path = MasterSlide/StudentTableViewController.h; sourceTree = SOURCE_ROOT; };
		6209E90816B5A0CE00025285 /* StudentTableViewController.m */ = {isa = PBXFileReference; fileEncoding = 4; lastKnownFileType = sourcecode.c.objc; name = StudentTableViewController.m; path = MasterSlide/StudentTableViewController.m; sourceTree = SOURCE_ROOT; };
		6209E90B16B5A33E00025285 /* About.html */ = {isa = PBXFileReference; fileEncoding = 4; lastKnownFileType = text.html; path = About.html; sourceTree = "<group>"; };
		6209E90C16B5A33E00025285 /* AboutIcon.png */ = {isa = PBXFileReference; lastKnownFileType = image.png; path = AboutIcon.png; sourceTree = "<group>"; };
		6209E90D16B5A33E00025285 /* Back.png */ = {isa = PBXFileReference; lastKnownFileType = image.png; path = Back.png; sourceTree = "<group>"; };
		6209E90E16B5A33E00025285 /* Back@2x.png */ = {isa = PBXFileReference; lastKnownFileType = image.png; path = "Back@2x.png"; sourceTree = "<group>"; };
		6209E90F16B5A33E00025285 /* BookIcon.png */ = {isa = PBXFileReference; lastKnownFileType = image.png; path = BookIcon.png; sourceTree = "<group>"; };
		6209E91016B5A33E00025285 /* BookIcon@2x.png */ = {isa = PBXFileReference; lastKnownFileType = image.png; path = "BookIcon@2x.png"; sourceTree = "<group>"; };
		6209E91116B5A33E00025285 /* BubbleGreen.png */ = {isa = PBXFileReference; lastKnownFileType = image.png; path = BubbleGreen.png; sourceTree = "<group>"; };
		6209E91216B5A33E00025285 /* BubbleGreen@2x.png */ = {isa = PBXFileReference; lastKnownFileType = image.png; path = "BubbleGreen@2x.png"; sourceTree = "<group>"; };
		6209E91316B5A33E00025285 /* BubbleOrange.png */ = {isa = PBXFileReference; lastKnownFileType = image.png; path = BubbleOrange.png; sourceTree = "<group>"; };
		6209E91416B5A33E00025285 /* BubbleOrange@2x.png */ = {isa = PBXFileReference; lastKnownFileType = image.png; path = "BubbleOrange@2x.png"; sourceTree = "<group>"; };
		6209E91516B5A33E00025285 /* BubbleRed.png */ = {isa = PBXFileReference; lastKnownFileType = image.png; path = BubbleRed.png; sourceTree = "<group>"; };
		6209E91616B5A33E00025285 /* BubbleRed@2x.png */ = {isa = PBXFileReference; lastKnownFileType = image.png; path = "BubbleRed@2x.png"; sourceTree = "<group>"; };
		6209E91716B5A33E00025285 /* Cancel-Pressed.png */ = {isa = PBXFileReference; lastKnownFileType = image.png; path = "Cancel-Pressed.png"; sourceTree = "<group>"; };
		6209E91816B5A33E00025285 /* Cancel-Pressed@2x.png */ = {isa = PBXFileReference; lastKnownFileType = image.png; path = "Cancel-Pressed@2x.png"; sourceTree = "<group>"; };
		6209E91916B5A33E00025285 /* Cancel.png */ = {isa = PBXFileReference; lastKnownFileType = image.png; path = Cancel.png; sourceTree = "<group>"; };
		6209E91A16B5A33E00025285 /* Cancel@2x.png */ = {isa = PBXFileReference; lastKnownFileType = image.png; path = "Cancel@2x.png"; sourceTree = "<group>"; };
		6209E91B16B5A33E00025285 /* Class.png */ = {isa = PBXFileReference; lastKnownFileType = image.png; path = Class.png; sourceTree = "<group>"; };
		6209E91C16B5A33E00025285 /* Class@2x.png */ = {isa = PBXFileReference; lastKnownFileType = image.png; path = "Class@2x.png"; sourceTree = "<group>"; };
		6209E91D16B5A33E00025285 /* CloudLog.png */ = {isa = PBXFileReference; lastKnownFileType = image.png; path = CloudLog.png; sourceTree = "<group>"; };
		6209E91E16B5A33E00025285 /* CloudLog@2x.png */ = {isa = PBXFileReference; lastKnownFileType = image.png; path = "CloudLog@2x.png"; sourceTree = "<group>"; };
		6209E91F16B5A33E00025285 /* Const.png */ = {isa = PBXFileReference; lastKnownFileType = image.png; path = Const.png; sourceTree = "<group>"; };
		6209E92016B5A33E00025285 /* Const@2x.png */ = {isa = PBXFileReference; lastKnownFileType = image.png; path = "Const@2x.png"; sourceTree = "<group>"; };
		6209E92116B5A33E00025285 /* Default-568h@2x.png */ = {isa = PBXFileReference; lastKnownFileType = image.png; path = "Default-568h@2x.png"; sourceTree = "<group>"; };
		6209E92216B5A33E00025285 /* Default-Landscape~ipad.png */ = {isa = PBXFileReference; lastKnownFileType = image.png; path = "Default-Landscape~ipad.png"; sourceTree = "<group>"; };
		6209E92316B5A33E00025285 /* Default-Landscape~ipad@2x.png */ = {isa = PBXFileReference; lastKnownFileType = image.png; path = "Default-Landscape~ipad@2x.png"; sourceTree = "<group>"; };
		6209E92416B5A33E00025285 /* Default-Portrait~ipad.png */ = {isa = PBXFileReference; lastKnownFileType = image.png; path = "Default-Portrait~ipad.png"; sourceTree = "<group>"; };
		6209E92516B5A33E00025285 /* Default-Portrait~ipad@2x.png */ = {isa = PBXFileReference; lastKnownFileType = image.png; path = "Default-Portrait~ipad@2x.png"; sourceTree = "<group>"; };
		6209E92616B5A33E00025285 /* Default.png */ = {isa = PBXFileReference; lastKnownFileType = image.png; path = Default.png; sourceTree = "<group>"; };
		6209E92716B5A33E00025285 /* Default@2x.png */ = {isa = PBXFileReference; lastKnownFileType = image.png; path = "Default@2x.png"; sourceTree = "<group>"; };
		6209E92816B5A33E00025285 /* DocSet.png */ = {isa = PBXFileReference; lastKnownFileType = image.png; path = DocSet.png; sourceTree = "<group>"; };
		6209E92916B5A33E00025285 /* DocSet@2x.png */ = {isa = PBXFileReference; lastKnownFileType = image.png; path = "DocSet@2x.png"; sourceTree = "<group>"; };
		6209E92A16B5A33E00025285 /* Enum.png */ = {isa = PBXFileReference; lastKnownFileType = image.png; path = Enum.png; sourceTree = "<group>"; };
		6209E92B16B5A33E00025285 /* Enum@2x.png */ = {isa = PBXFileReference; lastKnownFileType = image.png; path = "Enum@2x.png"; sourceTree = "<group>"; };
		6209E92C16B5A33E00025285 /* Field.png */ = {isa = PBXFileReference; lastKnownFileType = image.png; path = Field.png; sourceTree = "<group>"; };
		6209E92D16B5A33E00025285 /* Field@2x.png */ = {isa = PBXFileReference; lastKnownFileType = image.png; path = "Field@2x.png"; sourceTree = "<group>"; };
		6209E92E16B5A33E00025285 /* Forward.png */ = {isa = PBXFileReference; lastKnownFileType = image.png; path = Forward.png; sourceTree = "<group>"; };
		6209E92F16B5A33E00025285 /* Forward@2x.png */ = {isa = PBXFileReference; lastKnownFileType = image.png; path = "Forward@2x.png"; sourceTree = "<group>"; };
		6209E93016B5A33E00025285 /* Function.png */ = {isa = PBXFileReference; lastKnownFileType = image.png; path = Function.png; sourceTree = "<group>"; };
		6209E93116B5A33E00025285 /* Function@2x.png */ = {isa = PBXFileReference; lastKnownFileType = image.png; path = "Function@2x.png"; sourceTree = "<group>"; };
		6209E93216B5A33E00025285 /* Global.png */ = {isa = PBXFileReference; lastKnownFileType = image.png; path = Global.png; sourceTree = "<group>"; };
		6209E93316B5A33E00025285 /* Global@2x.png */ = {isa = PBXFileReference; lastKnownFileType = image.png; path = "Global@2x.png"; sourceTree = "<group>"; };
		6209E93816B5A33E00025285 /* iTunesArtwork */ = {isa = PBXFileReference; lastKnownFileType = file; path = iTunesArtwork; sourceTree = "<group>"; };
		6209E93916B5A33E00025285 /* Local.png */ = {isa = PBXFileReference; lastKnownFileType = image.png; path = Local.png; sourceTree = "<group>"; };
		6209E93A16B5A33E00025285 /* Local@2x.png */ = {isa = PBXFileReference; lastKnownFileType = image.png; path = "Local@2x.png"; sourceTree = "<group>"; };
		6209E93B16B5A33E00025285 /* Macro.png */ = {isa = PBXFileReference; lastKnownFileType = image.png; path = Macro.png; sourceTree = "<group>"; };
		6209E93C16B5A33E00025285 /* Macro@2x.png */ = {isa = PBXFileReference; lastKnownFileType = image.png; path = "Macro@2x.png"; sourceTree = "<group>"; };
		6209E93D16B5A33E00025285 /* Member.png */ = {isa = PBXFileReference; lastKnownFileType = image.png; path = Member.png; sourceTree = "<group>"; };
		6209E93E16B5A33E00025285 /* Member@2x.png */ = {isa = PBXFileReference; lastKnownFileType = image.png; path = "Member@2x.png"; sourceTree = "<group>"; };
		6209E93F16B5A33E00025285 /* Outline.png */ = {isa = PBXFileReference; lastKnownFileType = image.png; path = Outline.png; sourceTree = "<group>"; };
		6209E94016B5A33E00025285 /* Outline@2x.png */ = {isa = PBXFileReference; lastKnownFileType = image.png; path = "Outline@2x.png"; sourceTree = "<group>"; };
		6209E94116B5A33E00025285 /* OutlineDisclosureButton.png */ = {isa = PBXFileReference; lastKnownFileType = image.png; path = OutlineDisclosureButton.png; sourceTree = "<group>"; };
		6209E94216B5A33E00025285 /* OutlineDisclosureButton@2x.png */ = {isa = PBXFileReference; lastKnownFileType = image.png; path = "OutlineDisclosureButton@2x.png"; sourceTree = "<group>"; };
		6209E94316B5A33E00025285 /* Property.png */ = {isa = PBXFileReference; lastKnownFileType = image.png; path = Property.png; sourceTree = "<group>"; };
		6209E94416B5A33E00025285 /* Property@2x.png */ = {isa = PBXFileReference; lastKnownFileType = image.png; path = "Property@2x.png"; sourceTree = "<group>"; };
		6209E94516B5A33E00025285 /* Protocol.png */ = {isa = PBXFileReference; lastKnownFileType = image.png; path = Protocol.png; sourceTree = "<group>"; };
		6209E94616B5A33E00025285 /* Protocol@2x.png */ = {isa = PBXFileReference; lastKnownFileType = image.png; path = "Protocol@2x.png"; sourceTree = "<group>"; };
		6209E94716B5A33E00025285 /* ReferenceIcon.png */ = {isa = PBXFileReference; lastKnownFileType = image.png; path = ReferenceIcon.png; sourceTree = "<group>"; };
		6209E94816B5A33E00025285 /* ReferenceIcon@2x.png */ = {isa = PBXFileReference; lastKnownFileType = image.png; path = "ReferenceIcon@2x.png"; sourceTree = "<group>"; };
		6209E94916B5A33E00025285 /* SampleCodeIcon.png */ = {isa = PBXFileReference; lastKnownFileType = image.png; path = SampleCodeIcon.png; sourceTree = "<group>"; };
		6209E94A16B5A33E00025285 /* SampleCodeIcon@2x.png */ = {isa = PBXFileReference; lastKnownFileType = image.png; path = "SampleCodeIcon@2x.png"; sourceTree = "<group>"; };
		6209E94B16B5A33E00025285 /* Shadow.png */ = {isa = PBXFileReference; lastKnownFileType = image.png; path = Shadow.png; sourceTree = "<group>"; };
		6209E94C16B5A33E00025285 /* Struct.png */ = {isa = PBXFileReference; lastKnownFileType = image.png; path = Struct.png; sourceTree = "<group>"; };
		6209E94D16B5A33E00025285 /* Struct@2x.png */ = {isa = PBXFileReference; lastKnownFileType = image.png; path = "Struct@2x.png"; sourceTree = "<group>"; };
		6209E94E16B5A33E00025285 /* Type.png */ = {isa = PBXFileReference; lastKnownFileType = image.png; path = Type.png; sourceTree = "<group>"; };
		6209E94F16B5A33E00025285 /* Type@2x.png */ = {isa = PBXFileReference; lastKnownFileType = image.png; path = "Type@2x.png"; sourceTree = "<group>"; };
		6209E95016B5A33E00025285 /* whitey.png */ = {isa = PBXFileReference; lastKnownFileType = image.png; path = whitey.png; sourceTree = "<group>"; };
		6209E95116B5A33E00025285 /* whitey@2x.png */ = {isa = PBXFileReference; lastKnownFileType = image.png; path = "whitey@2x.png"; sourceTree = "<group>"; };
		621E9DF216B7485800CB73AF /* MobileCoreServices.framework */ = {isa = PBXFileReference; lastKnownFileType = wrapper.framework; name = MobileCoreServices.framework; path = System/Library/Frameworks/MobileCoreServices.framework; sourceTree = SDKROOT; };
		621E9DF616B76BD600CB73AF /* person.png */ = {isa = PBXFileReference; lastKnownFileType = image.png; path = person.png; sourceTree = "<group>"; };
		621E9DF816B76EB100CB73AF /* confCellImage.png */ = {isa = PBXFileReference; lastKnownFileType = image.png; path = confCellImage.png; sourceTree = "<group>"; };
/* End PBXFileReference section */

/* Begin PBXFrameworksBuildPhase section */
		53A7615B146C7E9600B4F8F6 /* Frameworks */ = {
			isa = PBXFrameworksBuildPhase;
			buildActionMask = 2147483647;
			files = (
				621E9DF316B7485800CB73AF /* MobileCoreServices.framework in Frameworks */,
				6200927416B45D5A00139E1C /* libsqlite3.0.dylib in Frameworks */,
				6200927516B45D5A00139E1C /* libsqlite3.dylib in Frameworks */,
				53A76163146C7E9600B4F8F6 /* UIKit.framework in Frameworks */,
				620092BA16B58EA300139E1C /* CoreImage.framework in Frameworks */,
				620092B816B58E9200139E1C /* QuartzCore.framework in Frameworks */,
				620092B616B58E7B00139E1C /* Accelerate.framework in Frameworks */,
				53A76165146C7E9600B4F8F6 /* Foundation.framework in Frameworks */,
				53A76167146C7E9600B4F8F6 /* CoreGraphics.framework in Frameworks */,
			);
			runOnlyForDeploymentPostprocessing = 0;
		};
/* End PBXFrameworksBuildPhase section */

/* Begin PBXGroup section */
		53A76153146C7E9600B4F8F6 = {
			isa = PBXGroup;
			children = (
				6207E8A616B8BA65009C06B4 /* MathAssessmentTableViewController */,
				53A76168146C7E9600B4F8F6 /* Bobcats */,
				53A76161146C7E9600B4F8F6 /* Frameworks */,
				53A7615F146C7E9600B4F8F6 /* Products */,
			);
			sourceTree = "<group>";
		};
		53A7615F146C7E9600B4F8F6 /* Products */ = {
			isa = PBXGroup;
			children = (
				53A7615E146C7E9600B4F8F6 /* Bobcats.app */,
			);
			name = Products;
			sourceTree = "<group>";
		};
		53A76161146C7E9600B4F8F6 /* Frameworks */ = {
			isa = PBXGroup;
			children = (
				6200927216B45D5900139E1C /* libsqlite3.0.dylib */,
				6200927316B45D5900139E1C /* libsqlite3.dylib */,
				621E9DF216B7485800CB73AF /* MobileCoreServices.framework */,
				620092B916B58EA300139E1C /* CoreImage.framework */,
				620092B716B58E9200139E1C /* QuartzCore.framework */,
				620092B416B58E5E00139E1C /* Accelerate.framework */,
				53A76162146C7E9600B4F8F6 /* UIKit.framework */,
				53A76164146C7E9600B4F8F6 /* Foundation.framework */,
				53A76166146C7E9600B4F8F6 /* CoreGraphics.framework */,
			);
			name = Frameworks;
			sourceTree = "<group>";
		};
		53A76168146C7E9600B4F8F6 /* Bobcats */ = {
			isa = PBXGroup;
			children = (
				53A76171146C7E9600B4F8F6 /* AppDelegate.h */,
				53A76172146C7E9600B4F8F6 /* AppDelegate.m */,
				6209E90416B5A01F00025285 /* AboutViewController.h */,
				6209E90516B5A01F00025285 /* AboutViewController.m */,
				6209E90116B59D5000025285 /* SwipeSplitViewController.h */,
				6209E90216B59D5000025285 /* SwipeSplitViewController.m */,
				6200927616B45E6600139E1C /* Student.h */,
				6200927716B45E6700139E1C /* Student.m */,
				6207268616B9B20F0082BEA7 /* MainWindow.xib */,
				53FF8C15146F222300005E54 /* Controllers */,
				53FF8C13146F220300005E54 /* Resources */,
				53A76169146C7E9600B4F8F6 /* Supporting Files */,
			);
			name = Bobcats;
			path = masterslide;
			sourceTree = "<group>";
		};
		53A76169146C7E9600B4F8F6 /* Supporting Files */ = {
			isa = PBXGroup;
			children = (
				6207268816B9B48A0082BEA7 /* students.sql */,
				620092C016B5976A00139E1C /* lars.png */,
				6200927916B493FF00139E1C /* wood.jpeg */,
				53A7616A146C7E9600B4F8F6 /* Bobcats-Info.plist */,
				53A7616B146C7E9600B4F8F6 /* InfoPlist.strings */,
				53A7616E146C7E9600B4F8F6 /* main.m */,
				53A76170146C7E9600B4F8F6 /* Bobcats-Prefix.pch */,
			);
			name = "Supporting Files";
			sourceTree = "<group>";
		};
		53FF8C13146F220300005E54 /* Resources */ = {
			isa = PBXGroup;
			children = (
				620092AF16B58D9400139E1C /* Third */,
				6209E90A16B5A33E00025285 /* Images */,
			);
			name = Resources;
			sourceTree = "<group>";
		};
		53FF8C15146F222300005E54 /* Controllers */ = {
			isa = PBXGroup;
			children = (
				53A76174146C7E9600B4F8F6 /* MasterViewController.h */,
				53A76175146C7E9600B4F8F6 /* MasterViewController.m */,
				53A76177146C7E9600B4F8F6 /* DetailViewController.h */,
				53A76178146C7E9600B4F8F6 /* DetailViewController.m */,
				620092A816B58BA900139E1C /* AddStudentView.h */,
				620092A916B58BA900139E1C /* AddStudentView.m */,
				6209E90716B5A0CE00025285 /* StudentTableViewController.h */,
				6209E90816B5A0CE00025285 /* StudentTableViewController.m */,
			);
			name = Controllers;
			sourceTree = "<group>";
		};
		620092AF16B58D9400139E1C /* Third */ = {
			isa = PBXGroup;
			children = (
				6207E87916B85EDF009C06B4 /* PrettyKit */,
				620092B016B58DA500139E1C /* JFDepthView */,
			);
			name = Third;
			path = ..;
			sourceTree = "<group>";
		};
		620092B016B58DA500139E1C /* JFDepthView */ = {
			isa = PBXGroup;
			children = (
				620092B116B58DA500139E1C /* JFDepthView.h */,
				620092B216B58DA500139E1C /* JFDepthView.m */,
			);
			path = JFDepthView;
			sourceTree = "<group>";
		};
		6207E87916B85EDF009C06B4 /* PrettyKit */ = {
			isa = PBXGroup;
			children = (
				6207E87A16B85EDF009C06B4 /* Cells */,
				6207E87F16B85EDF009C06B4 /* CustomTableView.h */,
				6207E88016B85EDF009C06B4 /* Drawing.h */,
				6207E88116B85EDF009C06B4 /* Drawing.m */,
				6207E88216B85EDF009C06B4 /* ShadowPlainTableview.h */,
				6207E88316B85EDF009C06B4 /* ShadowPlainTableview.m */,
			);
			name = PrettyKit;
			path = masterslide/PrettyKit;
			sourceTree = "<group>";
		};
		6207E87A16B85EDF009C06B4 /* Cells */ = {
			isa = PBXGroup;
			children = (
				6207E87B16B85EDF009C06B4 /* CustomViewTableViewCell.h */,
				6207E87C16B85EDF009C06B4 /* CustomViewTableViewCell.m */,
				6207E87D16B85EDF009C06B4 /* TableViewCell.h */,
				6207E87E16B85EDF009C06B4 /* TableViewCell.m */,
			);
			path = Cells;
			sourceTree = "<group>";
		};
		6207E8A616B8BA65009C06B4 /* MathAssessmentTableViewController */ = {
			isa = PBXGroup;
			children = (
				6207E8A716B8BA8F009C06B4 /* MathAssessmentTableViewController.h */,
				6207E8A816B8BA8F009C06B4 /* MathAssessmentTableViewController.m */,
			);
			name = MathAssessmentTableViewController;
			sourceTree = "<group>";
		};
		6207E8AC16B9699D009C06B4 /* Cell Icons */ = {
			isa = PBXGroup;
			children = (
				6207E8AD16B969AB009C06B4 /* bar-chart.png */,
				6207E8AE16B969AB009C06B4 /* star.png */,
				6207E8AF16B969AB009C06B4 /* badge.png */,
				6207E8B016B969AB009C06B4 /* beaker.png */,
				6207E8B116B969AB009C06B4 /* book.png */,
				6207E8B216B969AB009C06B4 /* group.png */,
				6207E8B316B969AB009C06B4 /* scales.png */,
			);
			name = "Cell Icons";
			sourceTree = "<group>";
		};
		6209E90A16B5A33E00025285 /* Images */ = {
			isa = PBXGroup;
			children = (
				6207E8AC16B9699D009C06B4 /* Cell Icons */,
				6207E89416B89AFE009C06B4 /* Icon144.png */,
				6207E89516B89AFE009C06B4 /* Icon114.png */,
				6207E89616B89AFE009C06B4 /* Icon72.png */,
				6207E89716B89AFE009C06B4 /* Icon57.png */,
				6207E88E16B86A21009C06B4 /* ScienceBookIcon.png */,
				6207E88F16B86A21009C06B4 /* BehaviorBookIcon.png */,
				6207E88816B86913009C06B4 /* MathBookIcon.png */,
				621E9DF816B76EB100CB73AF /* confCellImage.png */,
				621E9DF616B76BD600CB73AF /* person.png */,
				6209E90B16B5A33E00025285 /* About.html */,
				6209E90C16B5A33E00025285 /* AboutIcon.png */,
				6209E90D16B5A33E00025285 /* Back.png */,
				6209E90E16B5A33E00025285 /* Back@2x.png */,
				6209E90F16B5A33E00025285 /* BookIcon.png */,
				6209E91016B5A33E00025285 /* BookIcon@2x.png */,
				6209E91116B5A33E00025285 /* BubbleGreen.png */,
				6209E91216B5A33E00025285 /* BubbleGreen@2x.png */,
				6209E91316B5A33E00025285 /* BubbleOrange.png */,
				6209E91416B5A33E00025285 /* BubbleOrange@2x.png */,
				6209E91516B5A33E00025285 /* BubbleRed.png */,
				6209E91616B5A33E00025285 /* BubbleRed@2x.png */,
				6209E91716B5A33E00025285 /* Cancel-Pressed.png */,
				6209E91816B5A33E00025285 /* Cancel-Pressed@2x.png */,
				6209E91916B5A33E00025285 /* Cancel.png */,
				6209E91A16B5A33E00025285 /* Cancel@2x.png */,
				6209E91B16B5A33E00025285 /* Class.png */,
				6209E91C16B5A33E00025285 /* Class@2x.png */,
				6209E91D16B5A33E00025285 /* CloudLog.png */,
				6209E91E16B5A33E00025285 /* CloudLog@2x.png */,
				6209E91F16B5A33E00025285 /* Const.png */,
				6209E92016B5A33E00025285 /* Const@2x.png */,
				6209E92116B5A33E00025285 /* Default-568h@2x.png */,
				6209E92216B5A33E00025285 /* Default-Landscape~ipad.png */,
				6209E92316B5A33E00025285 /* Default-Landscape~ipad@2x.png */,
				6209E92416B5A33E00025285 /* Default-Portrait~ipad.png */,
				6209E92516B5A33E00025285 /* Default-Portrait~ipad@2x.png */,
				6209E92616B5A33E00025285 /* Default.png */,
				6209E92716B5A33E00025285 /* Default@2x.png */,
				6209E92816B5A33E00025285 /* DocSet.png */,
				6209E92916B5A33E00025285 /* DocSet@2x.png */,
				6209E92A16B5A33E00025285 /* Enum.png */,
				6209E92B16B5A33E00025285 /* Enum@2x.png */,
				6209E92C16B5A33E00025285 /* Field.png */,
				6209E92D16B5A33E00025285 /* Field@2x.png */,
				6209E92E16B5A33E00025285 /* Forward.png */,
				6209E92F16B5A33E00025285 /* Forward@2x.png */,
				6209E93016B5A33E00025285 /* Function.png */,
				6209E93116B5A33E00025285 /* Function@2x.png */,
				6209E93216B5A33E00025285 /* Global.png */,
				6209E93316B5A33E00025285 /* Global@2x.png */,
				6209E93816B5A33E00025285 /* iTunesArtwork */,
				6209E93916B5A33E00025285 /* Local.png */,
				6209E93A16B5A33E00025285 /* Local@2x.png */,
				6209E93B16B5A33E00025285 /* Macro.png */,
				6209E93C16B5A33E00025285 /* Macro@2x.png */,
				6209E93D16B5A33E00025285 /* Member.png */,
				6209E93E16B5A33E00025285 /* Member@2x.png */,
				6209E93F16B5A33E00025285 /* Outline.png */,
				6209E94016B5A33E00025285 /* Outline@2x.png */,
				6209E94116B5A33E00025285 /* OutlineDisclosureButton.png */,
				6209E94216B5A33E00025285 /* OutlineDisclosureButton@2x.png */,
				6209E94316B5A33E00025285 /* Property.png */,
				6209E94416B5A33E00025285 /* Property@2x.png */,
				6209E94516B5A33E00025285 /* Protocol.png */,
				6209E94616B5A33E00025285 /* Protocol@2x.png */,
				6209E94716B5A33E00025285 /* ReferenceIcon.png */,
				6209E94816B5A33E00025285 /* ReferenceIcon@2x.png */,
				6209E94916B5A33E00025285 /* SampleCodeIcon.png */,
				6209E94A16B5A33E00025285 /* SampleCodeIcon@2x.png */,
				6209E94B16B5A33E00025285 /* Shadow.png */,
				6209E94C16B5A33E00025285 /* Struct.png */,
				6209E94D16B5A33E00025285 /* Struct@2x.png */,
				6209E94E16B5A33E00025285 /* Type.png */,
				6209E94F16B5A33E00025285 /* Type@2x.png */,
				6209E95016B5A33E00025285 /* whitey.png */,
				6209E95116B5A33E00025285 /* whitey@2x.png */,
			);
			name = Images;
			path = ../Images;
			sourceTree = "<group>";
		};
/* End PBXGroup section */

/* Begin PBXNativeTarget section */
		53A7615D146C7E9600B4F8F6 /* Bobcats */ = {
			isa = PBXNativeTarget;
			buildConfigurationList = 53A76182146C7E9700B4F8F6 /* Build configuration list for PBXNativeTarget "Bobcats" */;
			buildPhases = (
				53A7615A146C7E9600B4F8F6 /* Sources */,
				53A7615B146C7E9600B4F8F6 /* Frameworks */,
				53A7615C146C7E9600B4F8F6 /* Resources */,
			);
			buildRules = (
			);
			dependencies = (
			);
			name = Bobcats;
			productName = masterslide;
			productReference = 53A7615E146C7E9600B4F8F6 /* Bobcats.app */;
			productType = "com.apple.product-type.application";
		};
/* End PBXNativeTarget section */

/* Begin PBXProject section */
		53A76155146C7E9600B4F8F6 /* Project object */ = {
			isa = PBXProject;
			attributes = {
				LastUpgradeCheck = 0460;
			};
			buildConfigurationList = 53A76158146C7E9600B4F8F6 /* Build configuration list for PBXProject "Bobcats" */;
			compatibilityVersion = "Xcode 3.2";
			developmentRegion = English;
			hasScannedForEncodings = 0;
			knownRegions = (
				en,
			);
			mainGroup = 53A76153146C7E9600B4F8F6;
			productRefGroup = 53A7615F146C7E9600B4F8F6 /* Products */;
			projectDirPath = "";
			projectRoot = "";
			targets = (
				53A7615D146C7E9600B4F8F6 /* Bobcats */,
			);
		};
/* End PBXProject section */

/* Begin PBXResourcesBuildPhase section */
		53A7615C146C7E9600B4F8F6 /* Resources */ = {
			isa = PBXResourcesBuildPhase;
			buildActionMask = 2147483647;
			files = (
				53A7616D146C7E9600B4F8F6 /* InfoPlist.strings in Resources */,
				6200927A16B493FF00139E1C /* wood.jpeg in Resources */,
				620092C116B5976A00139E1C /* lars.png in Resources */,
				6209E95216B5A33E00025285 /* About.html in Resources */,
				6209E95316B5A33E00025285 /* AboutIcon.png in Resources */,
				6209E95416B5A33E00025285 /* Back.png in Resources */,
				6209E95516B5A33E00025285 /* Back@2x.png in Resources */,
				6209E95616B5A33E00025285 /* BookIcon.png in Resources */,
				6209E95716B5A33E00025285 /* BookIcon@2x.png in Resources */,
				6209E95816B5A33E00025285 /* BubbleGreen.png in Resources */,
				6209E95916B5A33E00025285 /* BubbleGreen@2x.png in Resources */,
				6209E95A16B5A33E00025285 /* BubbleOrange.png in Resources */,
				6209E95B16B5A33E00025285 /* BubbleOrange@2x.png in Resources */,
				6209E95C16B5A33E00025285 /* BubbleRed.png in Resources */,
				6209E95D16B5A33E00025285 /* BubbleRed@2x.png in Resources */,
				6209E95E16B5A33E00025285 /* Cancel-Pressed.png in Resources */,
				6209E95F16B5A33E00025285 /* Cancel-Pressed@2x.png in Resources */,
				6209E96016B5A33E00025285 /* Cancel.png in Resources */,
				6209E96116B5A33E00025285 /* Cancel@2x.png in Resources */,
				6209E96216B5A33E00025285 /* Class.png in Resources */,
				6209E96316B5A33E00025285 /* Class@2x.png in Resources */,
				6209E96416B5A33E00025285 /* CloudLog.png in Resources */,
				6209E96516B5A33E00025285 /* CloudLog@2x.png in Resources */,
				6209E96616B5A33E00025285 /* Const.png in Resources */,
				6209E96716B5A33E00025285 /* Const@2x.png in Resources */,
				6209E96816B5A33E00025285 /* Default-568h@2x.png in Resources */,
				6209E96916B5A33E00025285 /* Default-Landscape~ipad.png in Resources */,
				6209E96A16B5A33E00025285 /* Default-Landscape~ipad@2x.png in Resources */,
				6209E96B16B5A33E00025285 /* Default-Portrait~ipad.png in Resources */,
				6209E96C16B5A33E00025285 /* Default-Portrait~ipad@2x.png in Resources */,
				6209E96D16B5A33E00025285 /* Default.png in Resources */,
				6209E96E16B5A33E00025285 /* Default@2x.png in Resources */,
				6209E96F16B5A33E00025285 /* DocSet.png in Resources */,
				6209E97016B5A33E00025285 /* DocSet@2x.png in Resources */,
				6209E97116B5A33E00025285 /* Enum.png in Resources */,
				6209E97216B5A33E00025285 /* Enum@2x.png in Resources */,
				6209E97316B5A33E00025285 /* Field.png in Resources */,
				6209E97416B5A33E00025285 /* Field@2x.png in Resources */,
				6209E97516B5A33E00025285 /* Forward.png in Resources */,
				6209E97616B5A33E00025285 /* Forward@2x.png in Resources */,
				6209E97716B5A33E00025285 /* Function.png in Resources */,
				6209E97816B5A33E00025285 /* Function@2x.png in Resources */,
				6209E97916B5A33E00025285 /* Global.png in Resources */,
				6209E97A16B5A33E00025285 /* Global@2x.png in Resources */,
				6209E97F16B5A33E00025285 /* iTunesArtwork in Resources */,
				6209E98016B5A33E00025285 /* Local.png in Resources */,
				6209E98116B5A33E00025285 /* Local@2x.png in Resources */,
				6209E98216B5A33E00025285 /* Macro.png in Resources */,
				6209E98316B5A33E00025285 /* Macro@2x.png in Resources */,
				6209E98416B5A33E00025285 /* Member.png in Resources */,
				6209E98516B5A33E00025285 /* Member@2x.png in Resources */,
				6209E98616B5A33E00025285 /* Outline.png in Resources */,
				6209E98716B5A33E00025285 /* Outline@2x.png in Resources */,
				6209E98816B5A33E00025285 /* OutlineDisclosureButton.png in Resources */,
				6209E98916B5A33E00025285 /* OutlineDisclosureButton@2x.png in Resources */,
				6209E98A16B5A33E00025285 /* Property.png in Resources */,
				6209E98B16B5A33E00025285 /* Property@2x.png in Resources */,
				6209E98C16B5A33E00025285 /* Protocol.png in Resources */,
				6209E98D16B5A33E00025285 /* Protocol@2x.png in Resources */,
				6209E98E16B5A33E00025285 /* ReferenceIcon.png in Resources */,
				6209E98F16B5A33E00025285 /* ReferenceIcon@2x.png in Resources */,
				6209E99016B5A33E00025285 /* SampleCodeIcon.png in Resources */,
				6209E99116B5A33E00025285 /* SampleCodeIcon@2x.png in Resources */,
				6209E99216B5A33E00025285 /* Shadow.png in Resources */,
				6209E99316B5A33E00025285 /* Struct.png in Resources */,
				6209E99416B5A33E00025285 /* Struct@2x.png in Resources */,
				6209E99516B5A33E00025285 /* Type.png in Resources */,
				6209E99616B5A33E00025285 /* Type@2x.png in Resources */,
				6209E99716B5A33E00025285 /* whitey.png in Resources */,
				6209E99816B5A33E00025285 /* whitey@2x.png in Resources */,
				621E9DF716B76BD600CB73AF /* person.png in Resources */,
				621E9DF916B76EB100CB73AF /* confCellImage.png in Resources */,
				6207E88916B86913009C06B4 /* MathBookIcon.png in Resources */,
				6207E89016B86A21009C06B4 /* ScienceBookIcon.png in Resources */,
				6207E89116B86A21009C06B4 /* BehaviorBookIcon.png in Resources */,
				6207E89816B89AFE009C06B4 /* Icon144.png in Resources */,
				6207E89916B89AFE009C06B4 /* Icon114.png in Resources */,
				6207E89A16B89AFE009C06B4 /* Icon72.png in Resources */,
				6207E89B16B89AFE009C06B4 /* Icon57.png in Resources */,
				6207E8B416B969AB009C06B4 /* bar-chart.png in Resources */,
				6207E8B516B969AB009C06B4 /* star.png in Resources */,
				6207E8B616B969AB009C06B4 /* badge.png in Resources */,
				6207E8B716B969AB009C06B4 /* beaker.png in Resources */,
				6207E8B816B969AB009C06B4 /* book.png in Resources */,
				6207E8B916B969AB009C06B4 /* group.png in Resources */,
				6207E8BA16B969AB009C06B4 /* scales.png in Resources */,
				6207268716B9B20F0082BEA7 /* MainWindow.xib in Resources */,
				6207268916B9B48A0082BEA7 /* students.sql in Resources */,
			);
			runOnlyForDeploymentPostprocessing = 0;
		};
/* End PBXResourcesBuildPhase section */

/* Begin PBXSourcesBuildPhase section */
		53A7615A146C7E9600B4F8F6 /* Sources */ = {
			isa = PBXSourcesBuildPhase;
			buildActionMask = 2147483647;
			files = (
				53A7616F146C7E9600B4F8F6 /* main.m in Sources */,
				53A76173146C7E9600B4F8F6 /* AppDelegate.m in Sources */,
				53A76176146C7E9600B4F8F6 /* MasterViewController.m in Sources */,
				53A76179146C7E9600B4F8F6 /* DetailViewController.m in Sources */,
				6200927816B45E6700139E1C /* Student.m in Sources */,
				620092AB16B58BA900139E1C /* AddStudentView.m in Sources */,
				620092B316B58DA500139E1C /* JFDepthView.m in Sources */,
				6209E90316B59D5000025285 /* SwipeSplitViewController.m in Sources */,
				6209E90616B5A01F00025285 /* AboutViewController.m in Sources */,
				6209E90916B5A0CE00025285 /* StudentTableViewController.m in Sources */,
				6207E88416B85EDF009C06B4 /* CustomViewTableViewCell.m in Sources */,
				6207E88516B85EDF009C06B4 /* TableViewCell.m in Sources */,
				6207E88616B85EDF009C06B4 /* Drawing.m in Sources */,
				6207E88716B85EDF009C06B4 /* ShadowPlainTableview.m in Sources */,
				6207E8A916B8BA8F009C06B4 /* MathAssessmentTableViewController.m in Sources */,
			);
			runOnlyForDeploymentPostprocessing = 0;
		};
/* End PBXSourcesBuildPhase section */

/* Begin PBXVariantGroup section */
		53A7616B146C7E9600B4F8F6 /* InfoPlist.strings */ = {
			isa = PBXVariantGroup;
			children = (
				53A7616C146C7E9600B4F8F6 /* en */,
			);
			name = InfoPlist.strings;
			sourceTree = "<group>";
		};
/* End PBXVariantGroup section */

/* Begin XCBuildConfiguration section */
		53A76180146C7E9700B4F8F6 /* Debug */ = {
			isa = XCBuildConfiguration;
			buildSettings = {
				ALWAYS_SEARCH_USER_PATHS = NO;
				ARCHS = "$(ARCHS_STANDARD_32_BIT)";
				CLANG_WARN_CONSTANT_CONVERSION = YES;
				CLANG_WARN_DEPRECATED_OBJC_IMPLEMENTATIONS = YES;
				CLANG_WARN_INT_CONVERSION = YES;
				CLANG_WARN__DUPLICATE_METHOD_MATCH = YES;
				"CODE_SIGN_IDENTITY[sdk=iphoneos*]" = "iPhone Developer";
				COPY_PHASE_STRIP = NO;
				GCC_C_LANGUAGE_STANDARD = gnu99;
				GCC_DYNAMIC_NO_PIC = NO;
				GCC_OPTIMIZATION_LEVEL = 0;
				GCC_PREPROCESSOR_DEFINITIONS = (
					"DEBUG=1",
					"$(inherited)",
				);
				GCC_SYMBOLS_PRIVATE_EXTERN = NO;
				GCC_VERSION = com.apple.compilers.llvm.clang.1_0;
				GCC_WARN_ABOUT_MISSING_PROTOTYPES = YES;
				GCC_WARN_ABOUT_RETURN_TYPE = YES;
				GCC_WARN_UNINITIALIZED_AUTOS = YES;
				GCC_WARN_UNUSED_VARIABLE = YES;
				IPHONEOS_DEPLOYMENT_TARGET = 5.0;
				SDKROOT = iphoneos;
				TARGETED_DEVICE_FAMILY = 2;
			};
			name = Debug;
		};
		53A76181146C7E9700B4F8F6 /* Release */ = {
			isa = XCBuildConfiguration;
			buildSettings = {
				ALWAYS_SEARCH_USER_PATHS = NO;
				ARCHS = "$(ARCHS_STANDARD_32_BIT)";
				CLANG_WARN_CONSTANT_CONVERSION = YES;
				CLANG_WARN_DEPRECATED_OBJC_IMPLEMENTATIONS = YES;
				CLANG_WARN_INT_CONVERSION = YES;
				CLANG_WARN__DUPLICATE_METHOD_MATCH = YES;
				"CODE_SIGN_IDENTITY[sdk=iphoneos*]" = "iPhone Developer";
				COPY_PHASE_STRIP = YES;
				GCC_C_LANGUAGE_STANDARD = gnu99;
				GCC_VERSION = com.apple.compilers.llvm.clang.1_0;
				GCC_WARN_ABOUT_MISSING_PROTOTYPES = YES;
				GCC_WARN_ABOUT_RETURN_TYPE = YES;
				GCC_WARN_UNINITIALIZED_AUTOS = YES;
				GCC_WARN_UNUSED_VARIABLE = YES;
				IPHONEOS_DEPLOYMENT_TARGET = 5.0;
				OTHER_CFLAGS = "-DNS_BLOCK_ASSERTIONS=1";
				SDKROOT = iphoneos;
				TARGETED_DEVICE_FAMILY = 2;
				VALIDATE_PRODUCT = YES;
			};
			name = Release;
		};
		53A76183146C7E9700B4F8F6 /* Debug */ = {
			isa = XCBuildConfiguration;
			buildSettings = {
				CODE_SIGN_IDENTITY = "iPhone Developer: Neil Burchfield (546B4X5N6L)";
				"CODE_SIGN_IDENTITY[sdk=iphoneos*]" = "iPhone Developer: Neil Burchfield (546B4X5N6L)";
				GCC_PRECOMPILE_PREFIX_HEADER = YES;
				GCC_PREFIX_HEADER = "masterslide/Bobcats-Prefix.pch";
				INFOPLIST_FILE = "masterslide/Bobcats-Info.plist";
				PRODUCT_NAME = Bobcats;
				PROVISIONING_PROFILE = "7EE0087C-F44E-40EE-A6E7-FD178075AF58";
				"PROVISIONING_PROFILE[sdk=iphoneos*]" = "7EE0087C-F44E-40EE-A6E7-FD178075AF58";
				WRAPPER_EXTENSION = app;
			};
			name = Debug;
		};
		53A76184146C7E9700B4F8F6 /* Release */ = {
			isa = XCBuildConfiguration;
			buildSettings = {
				CODE_SIGN_IDENTITY = "iPhone Developer: Neil Burchfield (546B4X5N6L)";
				"CODE_SIGN_IDENTITY[sdk=iphoneos*]" = "iPhone Developer: Neil Burchfield (546B4X5N6L)";
				GCC_PRECOMPILE_PREFIX_HEADER = YES;
				GCC_PREFIX_HEADER = "masterslide/Bobcats-Prefix.pch";
				INFOPLIST_FILE = "masterslide/Bobcats-Info.plist";
				PRODUCT_NAME = Bobcats;
				PROVISIONING_PROFILE = "7EE0087C-F44E-40EE-A6E7-FD178075AF58";
				"PROVISIONING_PROFILE[sdk=iphoneos*]" = "7EE0087C-F44E-40EE-A6E7-FD178075AF58";
				WRAPPER_EXTENSION = app;
			};
			name = Release;
		};
/* End XCBuildConfiguration section */

/* Begin XCConfigurationList section */
		53A76158146C7E9600B4F8F6 /* Build configuration list for PBXProject "Bobcats" */ = {
			isa = XCConfigurationList;
			buildConfigurations = (
				53A76180146C7E9700B4F8F6 /* Debug */,
				53A76181146C7E9700B4F8F6 /* Release */,
			);
			defaultConfigurationIsVisible = 0;
			defaultConfigurationName = Release;
		};
		53A76182146C7E9700B4F8F6 /* Build configuration list for PBXNativeTarget "Bobcats" */ = {
			isa = XCConfigurationList;
			buildConfigurations = (
				53A76183146C7E9700B4F8F6 /* Debug */,
				53A76184146C7E9700B4F8F6 /* Release */,
			);
			defaultConfigurationIsVisible = 0;
			defaultConfigurationName = Release;
		};
/* End XCConfigurationList section */
	};
	rootObject = 53A76155146C7E9600B4F8F6 /* Project object */;
}
